<?xml version="1.0" encoding="utf-8"?>
<Project ToolsVersion="4.0" xmlns="http://schemas.microsoft.com/developer/msbuild/2003">
  <ItemGroup>
    <Filter Include="Quelldateien">
      <UniqueIdentifier>{4FC737F1-C7A5-4376-A066-2A32D752A2FF}</UniqueIdentifier>
      <Extensions>cpp;c;cc;cxx;def;odl;idl;hpj;bat;asm;asmx</Extensions>
    </Filter>
    <Filter Include="Headerdateien">
      <UniqueIdentifier>{93995380-89BD-4b04-88EB-625FBE52EBFB}</UniqueIdentifier>
      <Extensions>h;hh;hpp;hxx;hm;inl;inc;xsd</Extensions>
    </Filter>
    <Filter Include="Ressourcendateien">
      <UniqueIdentifier>{67DA6AB6-F800-4c08-8B7A-83BB121AAD01}</UniqueIdentifier>
      <Extensions>rc;ico;cur;bmp;dlg;rc2;rct;bin;rgs;gif;jpg;jpeg;jpe;resx;tiff;tif;png;wav;mfcribbon-ms</Extensions>
    </Filter>
    <Filter Include="Headerdateien\Util">
      <UniqueIdentifier>{2347f3fd-faac-48a4-90fc-96c02058579a}</UniqueIdentifier>
    </Filter>
    <Filter Include="Headerdateien\UI">
      <UniqueIdentifier>{1d091c09-42aa-4acd-a950-befe5864d51b}</UniqueIdentifier>
    </Filter>
    <Filter Include="Quelldateien\UI">
      <UniqueIdentifier>{77353642-ec78-40b3-9149-effcd7562b43}</UniqueIdentifier>
    </Filter>
    <Filter Include="Quelldateien\Server/Client">
      <UniqueIdentifier>{03b515af-9c09-41b9-bfdc-3cca382b341f}</UniqueIdentifier>
    </Filter>
    <Filter Include="Headerdateien\Server/Client">
      <UniqueIdentifier>{56898304-df39-46d4-b469-fec8f52a945f}</UniqueIdentifier>
    </Filter>
    <Filter Include="Quelldateien\Util">
      <UniqueIdentifier>{60c3673f-a9e4-4a8c-8f68-b6f22413857e}</UniqueIdentifier>
    </Filter>
  </ItemGroup>
  <ItemGroup>
    <ClCompile Include="main.cpp">
      <Filter>Quelldateien</Filter>
    </ClCompile>
    <ClCompile Include="Server.cpp">
      <Filter>Quelldateien\Server/Client</Filter>
    </ClCompile>
    <ClCompile Include="Client.cpp">
      <Filter>Quelldateien\Server/Client</Filter>
    </ClCompile>
    <ClCompile Include="OwnButton.cpp">
      <Filter>Quelldateien\UI</Filter>
    </ClCompile>
    <ClCompile Include="StartMenu.cpp">
      <Filter>Quelldateien\UI</Filter>
    </ClCompile>
    <ClCompile Include="TextBox.cpp">
      <Filter>Quelldateien\UI</Filter>
    </ClCompile>
    <ClCompile Include="stringutildef.cpp">
      <Filter>Quelldateien\Util</Filter>
    </ClCompile>
  </ItemGroup>
  <ItemGroup>
    <ClInclude Include="SFML.h">
      <Filter>Headerdateien\Util</Filter>
    </ClInclude>
    <ClInclude Include="Defines.h">
      <Filter>Headerdateien\Util</Filter>
    </ClInclude>
    <ClInclude Include="curr.h">
      <Filter>Headerdateien\Util</Filter>
    </ClInclude>
    <ClInclude Include="Client.h">
      <Filter>Headerdateien\Server/Client</Filter>
    </ClInclude>
    <ClInclude Include="Server.h">
      <Filter>Headerdateien\Server/Client</Filter>
    </ClInclude>
    <ClInclude Include="OwnButton.h">
      <Filter>Headerdateien\UI</Filter>
    </ClInclude>
    <ClInclude Include="StartMenu.h">
      <Filter>Headerdateien\UI</Filter>
    </ClInclude>
    <ClInclude Include="TextBox.h">
      <Filter>Headerdateien\UI</Filter>
    </ClInclude>
    <ClInclude Include="stringutil.h">
      <Filter>Headerdateien\Util</Filter>
    </ClInclude>
    <ClInclude Include="resource.h">
      <Filter>Headerdateien</Filter>
    </ClInclude>
    <ClInclude Include="resource1.h">
      <Filter>Headerdateien</Filter>
    </ClInclude>
    <ClInclude Include="resource2.h">
      <Filter>Headerdateien</Filter>
    </ClInclude>
    <ClInclude Include="resource3.h">
      <Filter>Headerdateien</Filter>
    </ClInclude>
  </ItemGroup>
  <ItemGroup>
    <Text Include="TODO.txt" />
  </ItemGroup>
  <ItemGroup>
    <ResourceCompile Include="Networking Test 1.rc">
      <Filter>Ressourcendateien</Filter>
    </ResourceCompile>
  </ItemGroup>
  <ItemGroup>
    <Image Include="AppIcon.ico">
      <Filter>Ressourcendateien</Filter>
    </Image>
  </ItemGroup>
</Project>